
Microsoft Visual Studio Solution File, Format Version 12.00
# Visual Studio 15
VisualStudioVersion = 15.0.28307.136
MinimumVisualStudioVersion = 10.0.40219.1
Project("{159641D6-6404-4A2A-AE62-294DE0FE8301}") = "SampleSSIS", "SampleSSIS\SampleSSIS.dtproj", "{056BAFC8-2FE5-4942-8038-C40368A168BD}"
EndProject
Global
	GlobalSection(SolutionConfigurationPlatforms) = preSolution
		Development|Default = Development|Default
	EndGlobalSection
	GlobalSection(ProjectConfigurationPlatforms) = postSolution
		{056BAFC8-2FE5-4942-8038-C40368A168BD}.Development|Default.ActiveCfg = Development
		{056BAFC8-2FE5-4942-8038-C40368A168BD}.Development|Default.Build.0 = Development
	EndGlobalSection
	GlobalSection(SolutionProperties) = preSolution
		HideSolutionNode = FALSE
	EndGlobalSection
	GlobalSection(ExtensibilityGlobals) = postSolution
		SolutionGuid = {857F75CF-AC5A-440F-AB51-7E9BE788B54F}
	EndGlobalSection
EndGlobal
